
Microsoft Visual Studio Solution File, Format Version 12.00
# Visual Studio Version 17
VisualStudioVersion = 17.10.34928.147
MinimumVisualStudioVersion = 10.0.40219.1
Project("{8BC9CEB8-8B4A-11D0-8D11-00A0C91BC942}") = "Spring Interactive", "Spring Interactive\Spring Interactive.vcxproj", "{420E1D1F-D931-4C71-B7E4-189773B59879}"
EndProject
Global
	GlobalSection(SolutionConfigurationPlatforms) = preSolution
		Debug|x64 = Debug|x64
		Debug|x86 = Debug|x86
		Release|x64 = Release|x64
		Release|x86 = Release|x86
	EndGlobalSection
	GlobalSection(ProjectConfigurationPlatforms) = postSolution
		{420E1D1F-D931-4C71-B7E4-189773B59879}.Debug|x64.ActiveCfg = Debug|x64
		{420E1D1F-D931-4C71-B7E4-189773B59879}.Debug|x64.Build.0 = Debug|x64
		{420E1D1F-D931-4C71-B7E4-189773B59879}.Debug|x86.ActiveCfg = Debug|Win32
		{420E1D1F-D931-4C71-B7E4-189773B59879}.Debug|x86.Build.0 = Debug|Win32
		{420E1D1F-D931-4C71-B7E4-189773B59879}.Release|x64.ActiveCfg = Release|x64
		{420E1D1F-D931-4C71-B7E4-189773B59879}.Release|x64.Build.0 = Release|x64
		{420E1D1F-D931-4C71-B7E4-189773B59879}.Release|x86.ActiveCfg = Release|Win32
		{420E1D1F-D931-4C71-B7E4-189773B59879}.Release|x86.Build.0 = Release|Win32
	EndGlobalSection
	GlobalSection(SolutionProperties) = preSolution
		HideSolutionNode = FALSE
	EndGlobalSection
	GlobalSection(ExtensibilityGlobals) = postSolution
		SolutionGuid = {3CF0FDB2-E9AD-4652-8A5A-0F29794E7C08}
	EndGlobalSection
EndGlobal
